
Microsoft Visual Studio Solution File, Format Version 12.00
# Visual Studio Version 16
VisualStudioVersion = 16.0.30717.126
MinimumVisualStudioVersion = 10.0.40219.1
Project("{9A19103F-16F7-4668-BE54-9A1E7A4F7556}") = "Munharaunda.Domain", "Munharaunda.Domain\Munharaunda.Domain.csproj", "{35DADB8B-D89D-4E8A-96AD-F3EF3BC32CDC}"
EndProject
Project("{9A19103F-16F7-4668-BE54-9A1E7A4F7556}") = "Munharaunda.Test", "Munharaunda.Test\Munharaunda.Test.csproj", "{BDE1382E-CCCC-47A7-98FA-54E72A024603}"
EndProject
Project("{9A19103F-16F7-4668-BE54-9A1E7A4F7556}") = "Munharaunda.Api", "Munharaunda.Api\Munharaunda.Api.csproj", "{801122AD-82E0-4376-A6E5-B48216EC23EF}"
EndProject
Project("{9A19103F-16F7-4668-BE54-9A1E7A4F7556}") = "Munharaunda.Core", "Munharaunda.Core\Munharaunda.Core.csproj", "{230F84B0-7949-48D6-9FE8-812760381253}"
EndProject
Project("{9A19103F-16F7-4668-BE54-9A1E7A4F7556}") = "Munharaunda.Infrastructure", "Munharaunda.Infrastructure\Munharaunda.Infrastructure.csproj", "{E24B518E-EEAC-4DA5-A70C-E118B38F75A1}"
EndProject
Project("{9A19103F-16F7-4668-BE54-9A1E7A4F7556}") = "Munharaunda.Web", "Munharaunda.Web\Munharaunda.Web.csproj", "{78C599E1-370E-4475-B99A-294E95D32E2A}"
EndProject
Project("{9A19103F-16F7-4668-BE54-9A1E7A4F7556}") = "Munharaunda.blazor", "Munharaunda.blazor\Munharaunda.blazor.csproj", "{C7572A9B-C072-47B2-8918-7E5B71DA6F7F}"
EndProject
Project("{FAE04EC0-301F-11D3-BF4B-00C04F79EFBC}") = "Munharaunda.MVC", "Munharaunda.MVC\Munharaunda.MVC.csproj", "{4D1009FB-524A-4071-92FA-7C3CF040E30D}"
EndProject
Global
	GlobalSection(SolutionConfigurationPlatforms) = preSolution
		Debug|Any CPU = Debug|Any CPU
		Release|Any CPU = Release|Any CPU
	EndGlobalSection
	GlobalSection(ProjectConfigurationPlatforms) = postSolution
		{35DADB8B-D89D-4E8A-96AD-F3EF3BC32CDC}.Debug|Any CPU.ActiveCfg = Debug|Any CPU
		{35DADB8B-D89D-4E8A-96AD-F3EF3BC32CDC}.Debug|Any CPU.Build.0 = Debug|Any CPU
		{35DADB8B-D89D-4E8A-96AD-F3EF3BC32CDC}.Release|Any CPU.ActiveCfg = Release|Any CPU
		{35DADB8B-D89D-4E8A-96AD-F3EF3BC32CDC}.Release|Any CPU.Build.0 = Release|Any CPU
		{BDE1382E-CCCC-47A7-98FA-54E72A024603}.Debug|Any CPU.ActiveCfg = Debug|Any CPU
		{BDE1382E-CCCC-47A7-98FA-54E72A024603}.Debug|Any CPU.Build.0 = Debug|Any CPU
		{BDE1382E-CCCC-47A7-98FA-54E72A024603}.Release|Any CPU.ActiveCfg = Release|Any CPU
		{BDE1382E-CCCC-47A7-98FA-54E72A024603}.Release|Any CPU.Build.0 = Release|Any CPU
		{801122AD-82E0-4376-A6E5-B48216EC23EF}.Debug|Any CPU.ActiveCfg = Debug|Any CPU
		{801122AD-82E0-4376-A6E5-B48216EC23EF}.Debug|Any CPU.Build.0 = Debug|Any CPU
		{801122AD-82E0-4376-A6E5-B48216EC23EF}.Release|Any CPU.ActiveCfg = Release|Any CPU
		{801122AD-82E0-4376-A6E5-B48216EC23EF}.Release|Any CPU.Build.0 = Release|Any CPU
		{230F84B0-7949-48D6-9FE8-812760381253}.Debug|Any CPU.ActiveCfg = Debug|Any CPU
		{230F84B0-7949-48D6-9FE8-812760381253}.Debug|Any CPU.Build.0 = Debug|Any CPU
		{230F84B0-7949-48D6-9FE8-812760381253}.Release|Any CPU.ActiveCfg = Release|Any CPU
		{230F84B0-7949-48D6-9FE8-812760381253}.Release|Any CPU.Build.0 = Release|Any CPU
		{E24B518E-EEAC-4DA5-A70C-E118B38F75A1}.Debug|Any CPU.ActiveCfg = Debug|Any CPU
		{E24B518E-EEAC-4DA5-A70C-E118B38F75A1}.Debug|Any CPU.Build.0 = Debug|Any CPU
		{E24B518E-EEAC-4DA5-A70C-E118B38F75A1}.Release|Any CPU.ActiveCfg = Release|Any CPU
		{E24B518E-EEAC-4DA5-A70C-E118B38F75A1}.Release|Any CPU.Build.0 = Release|Any CPU
		{78C599E1-370E-4475-B99A-294E95D32E2A}.Debug|Any CPU.ActiveCfg = Debug|Any CPU
		{78C599E1-370E-4475-B99A-294E95D32E2A}.Debug|Any CPU.Build.0 = Debug|Any CPU
		{78C599E1-370E-4475-B99A-294E95D32E2A}.Release|Any CPU.ActiveCfg = Release|Any CPU
		{78C599E1-370E-4475-B99A-294E95D32E2A}.Release|Any CPU.Build.0 = Release|Any CPU
		{C7572A9B-C072-47B2-8918-7E5B71DA6F7F}.Debug|Any CPU.ActiveCfg = Debug|Any CPU
		{C7572A9B-C072-47B2-8918-7E5B71DA6F7F}.Debug|Any CPU.Build.0 = Debug|Any CPU
		{C7572A9B-C072-47B2-8918-7E5B71DA6F7F}.Release|Any CPU.ActiveCfg = Release|Any CPU
		{C7572A9B-C072-47B2-8918-7E5B71DA6F7F}.Release|Any CPU.Build.0 = Release|Any CPU
		{4D1009FB-524A-4071-92FA-7C3CF040E30D}.Debug|Any CPU.ActiveCfg = Debug|Any CPU
		{4D1009FB-524A-4071-92FA-7C3CF040E30D}.Debug|Any CPU.Build.0 = Debug|Any CPU
		{4D1009FB-524A-4071-92FA-7C3CF040E30D}.Release|Any CPU.ActiveCfg = Release|Any CPU
		{4D1009FB-524A-4071-92FA-7C3CF040E30D}.Release|Any CPU.Build.0 = Release|Any CPU
	EndGlobalSection
	GlobalSection(SolutionProperties) = preSolution
		HideSolutionNode = FALSE
	EndGlobalSection
	GlobalSection(ExtensibilityGlobals) = postSolution
		SolutionGuid = {55FBC692-B73E-426E-8A3C-AB47B36755EE}
	EndGlobalSection
EndGlobal
